cloud.google.com/go v0.110.7 h1:rJyC7nWRg2jWGZ4wSJ5nY65GTdYJkg0cd/uXb+ACI6o=
cloud.google.com/go/compute v1.20.1 h1:6aKEtlUiwEpJzM01/nSSZiBdPvGJzSjiGeJb5xRGdIE=
cloud.google.com/go/compute/metadata v1.7.0 h1:8/v+C9q+4AtUH5GS8q+QOqRzyS7cYf2/LFUo77QWlX4=
github.com/golang/groupcache v0.0.0-20210331224755-41bb18bfe9da h1:oI5xCqsCo564l8iNU+DwB5epxmsaqB+rhGL0m5jtYqE=
github.com/golang/protobuf v1.5.3 h1:KhyjKVUg7Usr/dYsdSqoFveMYd5ko72D+zANwlG1mmg=
github.com/google/s2a-go v0.1.4 h1:1kZ/sQM3srePvKs3tXAvQzo66XfcReoqFpIpIccE7Oc=
github.com/google/uuid v1.3.0 h1:t6JiXgmwXMjEs8VusXIJk2BXHsn+wx8BZdTaoZ5fu7I=
github.com/googleapis/enterprise-certificate-proxy v0.2.3 h1:yk9/cqRKtT9wXZSsRH9aurXEpJX+U6FLtpYTdC3R06k=
github.com/googleapis/gax-go/v2 v2.11.0 h1:9V9PWXEsWnPpQhu/PeQIkS4eGzMlTLGgt80cUUI8Ki4=
go.opencensus.io v0.24.0 h1:y73uSU6J157QMP2kn2r30vwW1A2W2WFwSCGnAVxeaD0=
golang.org/x/crypto v0.21.0 h1:X31++rzVUdKhX5sWmSOUWAR/ErRXCahVhIhxaqwPUt8=
golang.org/x/net v0.22.0 h1:9sGLhx7OUweIJFTMHTrQHa63ZGxm0Oct7VjgrBgZJsE=
golang.org/x/oauth2 v0.17.0 h1:6m3ZPmLEFdVxKKWnKq4VqZ60gutO35zm+zrAHVmHyDQ=
golang.org/x/sys v0.18.0 h1:DBdB3niSjOA/O0blCZBqDefyWNYveAYMNF1Wum0DYQ4=
golang.org/x/text v0.14.0 h1:ScX5w1eTa3QqT8oi6+ziP7dTV1S2+ALU0bI+0zXKWiQ=
google.golang.org/api v0.126.0 h1:q4GJq+cAdMAC7XP7njOM6aTaDKVjiUUj0J7lLJP/QxA=
google.golang.org/api/monitoring/v3 v0.110.0 h1:tZ9I1oNPL17ZsGVgHKzTNlxF1+FggpF22kEwK6fCauY=
google.golang.org/appengine v1.6.7 h1:FZR1q0exgwxzPzp/aF+VccGrSfxfPpkBqjIIEq3ru6c=
google.golang.org/genproto v0.0.0-20230530153820-e85fd2cbaebc h1:HYJCo5Fgx7JnlxUBn/BJCi2IXHGS76XkXKWdgLGF1aU=
google.golang.org/genproto/googleapis/rpc v0.0.0-20230530153820-e85fd2cbaebc h1:XSJ8Vk1SWuNr8S18z1NZSziL0CPIXLCCMDOEFtHBOFc=
google.golang.org/grpc v1.56.3 h1:8I4C0Yq1EjstUzUJzpcRVbuYA2mODtEmpWiQoN/b2Zc=
google.golang.org/protobuf v1.33.0 h1:uNO2rsAINq/JlFpSdYEKIZ0uKD/R9cpdv0T+yoGwGmI=
